
Microsoft Visual Studio Solution File, Format Version 12.00
# Visual Studio Version 16
VisualStudioVersion = 16.0.31729.503
MinimumVisualStudioVersion = 10.0.40219.1
Project("{9A19103F-16F7-4668-BE54-9A1E7A4F7556}") = "LGPD", "LGPD.csproj", "{7B6FA7D8-B1A7-4408-B622-68B2FEC215AA}"
EndProject
Project("{9A19103F-16F7-4668-BE54-9A1E7A4F7556}") = "Autenticacao", "..\Autenticacao\Autenticacao.csproj", "{465F0818-169E-4B01-881A-6BBD1270CB37}"
EndProject
Project("{FAE04EC0-301F-11D3-BF4B-00C04F79EFBC}") = "MensageiroSys", "..\MensageiroSys\MensageiroSys.csproj", "{2AAB2984-9B4E-46A8-9F58-94DF7CEC3228}"
EndProject
Global
	GlobalSection(SolutionConfigurationPlatforms) = preSolution
		Debug|Any CPU = Debug|Any CPU
		Release|Any CPU = Release|Any CPU
	EndGlobalSection
	GlobalSection(ProjectConfigurationPlatforms) = postSolution
		{7B6FA7D8-B1A7-4408-B622-68B2FEC215AA}.Debug|Any CPU.ActiveCfg = Debug|Any CPU
		{7B6FA7D8-B1A7-4408-B622-68B2FEC215AA}.Debug|Any CPU.Build.0 = Debug|Any CPU
		{7B6FA7D8-B1A7-4408-B622-68B2FEC215AA}.Release|Any CPU.ActiveCfg = Release|Any CPU
		{7B6FA7D8-B1A7-4408-B622-68B2FEC215AA}.Release|Any CPU.Build.0 = Release|Any CPU
		{465F0818-169E-4B01-881A-6BBD1270CB37}.Debug|Any CPU.ActiveCfg = Debug|Any CPU
		{465F0818-169E-4B01-881A-6BBD1270CB37}.Debug|Any CPU.Build.0 = Debug|Any CPU
		{465F0818-169E-4B01-881A-6BBD1270CB37}.Release|Any CPU.ActiveCfg = Release|Any CPU
		{465F0818-169E-4B01-881A-6BBD1270CB37}.Release|Any CPU.Build.0 = Release|Any CPU
		{2AAB2984-9B4E-46A8-9F58-94DF7CEC3228}.Debug|Any CPU.ActiveCfg = Debug|Any CPU
		{2AAB2984-9B4E-46A8-9F58-94DF7CEC3228}.Debug|Any CPU.Build.0 = Debug|Any CPU
		{2AAB2984-9B4E-46A8-9F58-94DF7CEC3228}.Release|Any CPU.ActiveCfg = Release|Any CPU
		{2AAB2984-9B4E-46A8-9F58-94DF7CEC3228}.Release|Any CPU.Build.0 = Release|Any CPU
	EndGlobalSection
	GlobalSection(SolutionProperties) = preSolution
		HideSolutionNode = FALSE
	EndGlobalSection
	GlobalSection(ExtensibilityGlobals) = postSolution
		SolutionGuid = {368BFC52-D1D2-41B6-908F-E3BC037EC949}
	EndGlobalSection
EndGlobal
